
Microsoft Visual Studio Solution File, Format Version 12.00
# Visual Studio Version 16
VisualStudioVersion = 25.0.1706.7
MinimumVisualStudioVersion = 10.0.40219.1
Project("{FAE04EC0-301F-11D3-BF4B-00C04F79EFBC}") = "ASHWorkersAPI", "ASHWorkerAPI\ASHWorkersAPI.csproj", "{5E8017D1-17BE-45A1-A882-FAD1A81CBA4F}"
EndProject
Project("{FAE04EC0-301F-11D3-BF4B-00C04F79EFBC}") = "ASHWorkerAPI.Test", "ASHWorkerAPI.Test\ASHWorkerAPI.Test.csproj", "{48032343-8EEB-4593-BD4F-AE9E75193C9D}"
EndProject
Global
	GlobalSection(SolutionConfigurationPlatforms) = preSolution
		Debug|Any CPU = Debug|Any CPU
		Release|Any CPU = Release|Any CPU
	EndGlobalSection
	GlobalSection(ProjectConfigurationPlatforms) = postSolution
		{5E8017D1-17BE-45A1-A882-FAD1A81CBA4F}.Debug|Any CPU.ActiveCfg = Debug|Any CPU
		{5E8017D1-17BE-45A1-A882-FAD1A81CBA4F}.Debug|Any CPU.Build.0 = Debug|Any CPU
		{5E8017D1-17BE-45A1-A882-FAD1A81CBA4F}.Release|Any CPU.ActiveCfg = Release|Any CPU
		{5E8017D1-17BE-45A1-A882-FAD1A81CBA4F}.Release|Any CPU.Build.0 = Release|Any CPU
		{48032343-8EEB-4593-BD4F-AE9E75193C9D}.Debug|Any CPU.ActiveCfg = Debug|Any CPU
		{48032343-8EEB-4593-BD4F-AE9E75193C9D}.Debug|Any CPU.Build.0 = Debug|Any CPU
		{48032343-8EEB-4593-BD4F-AE9E75193C9D}.Release|Any CPU.ActiveCfg = Release|Any CPU
		{48032343-8EEB-4593-BD4F-AE9E75193C9D}.Release|Any CPU.Build.0 = Release|Any CPU
	EndGlobalSection
	GlobalSection(SolutionProperties) = preSolution
		HideSolutionNode = FALSE
	EndGlobalSection
	GlobalSection(ExtensibilityGlobals) = postSolution
		SolutionGuid = {09B672F0-2B23-46C4-9751-83C21D2403AC}
	EndGlobalSection
EndGlobal
